
Microsoft Visual Studio Solution File, Format Version 12.00
# Visual Studio Version 18
VisualStudioVersion = 18.5.11716.220
MinimumVisualStudioVersion = 10.0.40219.1
Project("{2150E333-8FDC-42A3-9474-1A3956D46DE8}") = "1 - App", "1 - App", "{3508662C-53FA-4E5A-B18C-6BC33790E0A3}"
EndProject
Project("{2150E333-8FDC-42A3-9474-1A3956D46DE8}") = "3 - Domain", "3 - Domain", "{0072F5AA-C992-423E-AECD-65FC1DA9CE1F}"
EndProject
Project("{2150E333-8FDC-42A3-9474-1A3956D46DE8}") = "2 - Application", "2 - Application", "{D350F9CC-AB5A-4980-91C5-BBCA8F4761AF}"
EndProject
Project("{2150E333-8FDC-42A3-9474-1A3956D46DE8}") = "4 - Infra", "4 - Infra", "{51B503E0-BC13-4FA7-992B-3A61225DBB46}"
EndProject
Project("{2150E333-8FDC-42A3-9474-1A3956D46DE8}") = "4.1 - Data", "4.1 - Data", "{52F4AA90-FE2F-4A26-A039-39023AAAB5E2}"
EndProject
Project("{2150E333-8FDC-42A3-9474-1A3956D46DE8}") = "4.3 - CrossCutting", "4.3 - CrossCutting", "{78762F43-6BB5-4E5A-BCEA-70246AD4CC03}"
EndProject
Project("{9A19103F-16F7-4668-BE54-9A1E7A4F7556}") = "Finan.Api", "Finan.Application\Finan.Api.csproj", "{5E39C822-14DF-4BA0-8EC5-04EFF6290045}"
EndProject
Project("{9A19103F-16F7-4668-BE54-9A1E7A4F7556}") = "Finan.Domain", "Finan.Domain\Finan.Domain.csproj", "{24E5829A-7C77-41E8-8B91-ACA51D61FCD5}"
EndProject
Project("{9A19103F-16F7-4668-BE54-9A1E7A4F7556}") = "Finan.Application", "Finan.Service\Finan.Application.csproj", "{D4F55B65-2842-4635-93C0-D60308852951}"
EndProject
Project("{9A19103F-16F7-4668-BE54-9A1E7A4F7556}") = "Finan.Infra.Data", "Finan.Infra.Data\Finan.Infra.Data.csproj", "{5465BE56-3C79-4104-96EC-49C0802676C6}"
EndProject
Project("{FAE04EC0-301F-11D3-BF4B-00C04F79EFBC}") = "Finan.CrossCutting", "Finan.CrossCutting\Finan.CrossCutting.csproj", "{A60995B2-3E2A-4DAC-BD2B-D8052862D118}"
EndProject
Project("{2150E333-8FDC-42A3-9474-1A3956D46DE8}") = "6 - Test", "6 - Test", "{02EA681E-C7D8-13C7-8484-4AC65E1B71E8}"
EndProject
Project("{FAE04EC0-301F-11D3-BF4B-00C04F79EFBC}") = "Finan.UnitTest", "Finan.UnitTest\Finan.UnitTest.csproj", "{3A6FE0B4-E30D-4D21-B720-A07E137F00D7}"
EndProject
Project("{FAE04EC0-301F-11D3-BF4B-00C04F79EFBC}") = "Finan.IntegrationTest", "Finan.IntegrationTest\Finan.IntegrationTest.csproj", "{902C68F2-E6CF-46AB-951D-1EA58F7294D0}"
EndProject
Project("{2150E333-8FDC-42A3-9474-1A3956D46DE8}") = "5 - Contracts", "5 - Contracts", "{70DB468D-1409-48FC-BE8F-A777246CCE00}"
EndProject
Project("{2150E333-8FDC-42A3-9474-1A3956D46DE8}") = "4.2 - Identity", "4.2 - Identity", "{A3933CA1-D2B6-4002-A875-55BB251ADFA0}"
EndProject
Project("{FAE04EC0-301F-11D3-BF4B-00C04F79EFBC}") = "Finan.Contracts", "Finan.Contracts\Finan.Contracts.csproj", "{4513D896-5246-42B3-9AC9-D77DE1864D1A}"
EndProject
Project("{FAE04EC0-301F-11D3-BF4B-00C04F79EFBC}") = "Finan.Infra.Identity", "Finan.Infra.Identity\Finan.Infra.Identity.csproj", "{83F1B583-D126-460F-BC98-2881E2E30BBC}"
EndProject
Project("{FAE04EC0-301F-11D3-BF4B-00C04F79EFBC}") = "Finan.Web", "Finan.Web\Finan.Web.csproj", "{EECFCB40-5000-4E94-8156-DF861522A007}"
EndProject
Global
	GlobalSection(SolutionConfigurationPlatforms) = preSolution
		Debug|Any CPU = Debug|Any CPU
		Release|Any CPU = Release|Any CPU
	EndGlobalSection
	GlobalSection(ProjectConfigurationPlatforms) = postSolution
		{5E39C822-14DF-4BA0-8EC5-04EFF6290045}.Debug|Any CPU.ActiveCfg = Debug|Any CPU
		{5E39C822-14DF-4BA0-8EC5-04EFF6290045}.Debug|Any CPU.Build.0 = Debug|Any CPU
		{5E39C822-14DF-4BA0-8EC5-04EFF6290045}.Release|Any CPU.ActiveCfg = Release|Any CPU
		{5E39C822-14DF-4BA0-8EC5-04EFF6290045}.Release|Any CPU.Build.0 = Release|Any CPU
		{24E5829A-7C77-41E8-8B91-ACA51D61FCD5}.Debug|Any CPU.ActiveCfg = Debug|Any CPU
		{24E5829A-7C77-41E8-8B91-ACA51D61FCD5}.Debug|Any CPU.Build.0 = Debug|Any CPU
		{24E5829A-7C77-41E8-8B91-ACA51D61FCD5}.Release|Any CPU.ActiveCfg = Release|Any CPU
		{24E5829A-7C77-41E8-8B91-ACA51D61FCD5}.Release|Any CPU.Build.0 = Release|Any CPU
		{D4F55B65-2842-4635-93C0-D60308852951}.Debug|Any CPU.ActiveCfg = Debug|Any CPU
		{D4F55B65-2842-4635-93C0-D60308852951}.Debug|Any CPU.Build.0 = Debug|Any CPU
		{D4F55B65-2842-4635-93C0-D60308852951}.Release|Any CPU.ActiveCfg = Release|Any CPU
		{D4F55B65-2842-4635-93C0-D60308852951}.Release|Any CPU.Build.0 = Release|Any CPU
		{5465BE56-3C79-4104-96EC-49C0802676C6}.Debug|Any CPU.ActiveCfg = Debug|Any CPU
		{5465BE56-3C79-4104-96EC-49C0802676C6}.Debug|Any CPU.Build.0 = Debug|Any CPU
		{5465BE56-3C79-4104-96EC-49C0802676C6}.Release|Any CPU.ActiveCfg = Release|Any CPU
		{5465BE56-3C79-4104-96EC-49C0802676C6}.Release|Any CPU.Build.0 = Release|Any CPU
		{A60995B2-3E2A-4DAC-BD2B-D8052862D118}.Debug|Any CPU.ActiveCfg = Debug|Any CPU
		{A60995B2-3E2A-4DAC-BD2B-D8052862D118}.Debug|Any CPU.Build.0 = Debug|Any CPU
		{A60995B2-3E2A-4DAC-BD2B-D8052862D118}.Release|Any CPU.ActiveCfg = Release|Any CPU
		{A60995B2-3E2A-4DAC-BD2B-D8052862D118}.Release|Any CPU.Build.0 = Release|Any CPU
		{3A6FE0B4-E30D-4D21-B720-A07E137F00D7}.Debug|Any CPU.ActiveCfg = Debug|Any CPU
		{3A6FE0B4-E30D-4D21-B720-A07E137F00D7}.Debug|Any CPU.Build.0 = Debug|Any CPU
		{3A6FE0B4-E30D-4D21-B720-A07E137F00D7}.Release|Any CPU.ActiveCfg = Release|Any CPU
		{3A6FE0B4-E30D-4D21-B720-A07E137F00D7}.Release|Any CPU.Build.0 = Release|Any CPU
		{902C68F2-E6CF-46AB-951D-1EA58F7294D0}.Debug|Any CPU.ActiveCfg = Debug|Any CPU
		{902C68F2-E6CF-46AB-951D-1EA58F7294D0}.Debug|Any CPU.Build.0 = Debug|Any CPU
		{902C68F2-E6CF-46AB-951D-1EA58F7294D0}.Release|Any CPU.ActiveCfg = Release|Any CPU
		{902C68F2-E6CF-46AB-951D-1EA58F7294D0}.Release|Any CPU.Build.0 = Release|Any CPU
		{4513D896-5246-42B3-9AC9-D77DE1864D1A}.Debug|Any CPU.ActiveCfg = Debug|Any CPU
		{4513D896-5246-42B3-9AC9-D77DE1864D1A}.Debug|Any CPU.Build.0 = Debug|Any CPU
		{4513D896-5246-42B3-9AC9-D77DE1864D1A}.Release|Any CPU.ActiveCfg = Release|Any CPU
		{4513D896-5246-42B3-9AC9-D77DE1864D1A}.Release|Any CPU.Build.0 = Release|Any CPU
		{83F1B583-D126-460F-BC98-2881E2E30BBC}.Debug|Any CPU.ActiveCfg = Debug|Any CPU
		{83F1B583-D126-460F-BC98-2881E2E30BBC}.Debug|Any CPU.Build.0 = Debug|Any CPU
		{83F1B583-D126-460F-BC98-2881E2E30BBC}.Release|Any CPU.ActiveCfg = Release|Any CPU
		{83F1B583-D126-460F-BC98-2881E2E30BBC}.Release|Any CPU.Build.0 = Release|Any CPU
		{EECFCB40-5000-4E94-8156-DF861522A007}.Debug|Any CPU.ActiveCfg = Debug|Any CPU
		{EECFCB40-5000-4E94-8156-DF861522A007}.Debug|Any CPU.Build.0 = Debug|Any CPU
		{EECFCB40-5000-4E94-8156-DF861522A007}.Release|Any CPU.ActiveCfg = Release|Any CPU
		{EECFCB40-5000-4E94-8156-DF861522A007}.Release|Any CPU.Build.0 = Release|Any CPU
	EndGlobalSection
	GlobalSection(SolutionProperties) = preSolution
		HideSolutionNode = FALSE
	EndGlobalSection
	GlobalSection(NestedProjects) = preSolution
		{52F4AA90-FE2F-4A26-A039-39023AAAB5E2} = {51B503E0-BC13-4FA7-992B-3A61225DBB46}
		{78762F43-6BB5-4E5A-BCEA-70246AD4CC03} = {51B503E0-BC13-4FA7-992B-3A61225DBB46}
		{5E39C822-14DF-4BA0-8EC5-04EFF6290045} = {3508662C-53FA-4E5A-B18C-6BC33790E0A3}
		{24E5829A-7C77-41E8-8B91-ACA51D61FCD5} = {0072F5AA-C992-423E-AECD-65FC1DA9CE1F}
		{D4F55B65-2842-4635-93C0-D60308852951} = {D350F9CC-AB5A-4980-91C5-BBCA8F4761AF}
		{5465BE56-3C79-4104-96EC-49C0802676C6} = {52F4AA90-FE2F-4A26-A039-39023AAAB5E2}
		{A60995B2-3E2A-4DAC-BD2B-D8052862D118} = {78762F43-6BB5-4E5A-BCEA-70246AD4CC03}
		{3A6FE0B4-E30D-4D21-B720-A07E137F00D7} = {02EA681E-C7D8-13C7-8484-4AC65E1B71E8}
		{902C68F2-E6CF-46AB-951D-1EA58F7294D0} = {02EA681E-C7D8-13C7-8484-4AC65E1B71E8}
		{A3933CA1-D2B6-4002-A875-55BB251ADFA0} = {51B503E0-BC13-4FA7-992B-3A61225DBB46}
		{4513D896-5246-42B3-9AC9-D77DE1864D1A} = {70DB468D-1409-48FC-BE8F-A777246CCE00}
		{83F1B583-D126-460F-BC98-2881E2E30BBC} = {A3933CA1-D2B6-4002-A875-55BB251ADFA0}
		{EECFCB40-5000-4E94-8156-DF861522A007} = {3508662C-53FA-4E5A-B18C-6BC33790E0A3}
	EndGlobalSection
	GlobalSection(ExtensibilityGlobals) = postSolution
		SolutionGuid = {D12EBF0B-022A-4D4C-AA3C-C120735FC882}
	EndGlobalSection
EndGlobal
